
Microsoft Visual Studio Solution File, Format Version 12.00
# Visual Studio Version 17
VisualStudioVersion = 17.13.35931.197 d17.13
MinimumVisualStudioVersion = 10.0.40219.1
Project("{FAE04EC0-301F-11D3-BF4B-00C04F79EFBC}") = "StudentskiPlanerSneza.Android", "StudentskiPlaner-Sneza\StudentskiPlaner-Sneza.Android\StudentskiPlanerSneza.Android.csproj", "{B261A3A4-4BDF-401C-8309-467F626421E0}"
EndProject
Project("{FAE04EC0-301F-11D3-BF4B-00C04F79EFBC}") = "StudentskiPlanerSneza.iOS", "StudentskiPlaner-Sneza\StudentskiPlaner-Sneza.iOS\StudentskiPlanerSneza.iOS.csproj", "{B6139BCC-36FE-4555-959B-7D9241DB15DD}"
EndProject
Project("{FAE04EC0-301F-11D3-BF4B-00C04F79EFBC}") = "StudentskiPlanerSneza", "StudentskiPlaner-Sneza\StudentskiPlaner-Sneza\StudentskiPlanerSneza.csproj", "{AEC0C605-E30D-4F68-BC5C-D5A00948A70C}"
EndProject
Global
	GlobalSection(SolutionConfigurationPlatforms) = preSolution
		Debug|Any CPU = Debug|Any CPU
		Release|Any CPU = Release|Any CPU
	EndGlobalSection
	GlobalSection(ProjectConfigurationPlatforms) = postSolution
		{B261A3A4-4BDF-401C-8309-467F626421E0}.Debug|Any CPU.ActiveCfg = Debug|Any CPU
		{B261A3A4-4BDF-401C-8309-467F626421E0}.Debug|Any CPU.Build.0 = Debug|Any CPU
		{B261A3A4-4BDF-401C-8309-467F626421E0}.Debug|Any CPU.Deploy.0 = Debug|Any CPU
		{B261A3A4-4BDF-401C-8309-467F626421E0}.Release|Any CPU.ActiveCfg = Release|Any CPU
		{B261A3A4-4BDF-401C-8309-467F626421E0}.Release|Any CPU.Build.0 = Release|Any CPU
		{B261A3A4-4BDF-401C-8309-467F626421E0}.Release|Any CPU.Deploy.0 = Release|Any CPU
		{B6139BCC-36FE-4555-959B-7D9241DB15DD}.Debug|Any CPU.ActiveCfg = Debug|iPhone
		{B6139BCC-36FE-4555-959B-7D9241DB15DD}.Debug|Any CPU.Build.0 = Debug|iPhone
		{B6139BCC-36FE-4555-959B-7D9241DB15DD}.Debug|Any CPU.Deploy.0 = Debug|iPhone
		{B6139BCC-36FE-4555-959B-7D9241DB15DD}.Release|Any CPU.ActiveCfg = Release|iPhoneSimulator
		{B6139BCC-36FE-4555-959B-7D9241DB15DD}.Release|Any CPU.Build.0 = Release|iPhoneSimulator
		{B6139BCC-36FE-4555-959B-7D9241DB15DD}.Release|Any CPU.Deploy.0 = Release|iPhoneSimulator
		{AEC0C605-E30D-4F68-BC5C-D5A00948A70C}.Debug|Any CPU.ActiveCfg = Debug|Any CPU
		{AEC0C605-E30D-4F68-BC5C-D5A00948A70C}.Debug|Any CPU.Build.0 = Debug|Any CPU
		{AEC0C605-E30D-4F68-BC5C-D5A00948A70C}.Debug|Any CPU.Deploy.0 = Debug|Any CPU
		{AEC0C605-E30D-4F68-BC5C-D5A00948A70C}.Release|Any CPU.ActiveCfg = Release|Any CPU
		{AEC0C605-E30D-4F68-BC5C-D5A00948A70C}.Release|Any CPU.Build.0 = Release|Any CPU
		{AEC0C605-E30D-4F68-BC5C-D5A00948A70C}.Release|Any CPU.Deploy.0 = Release|Any CPU
	EndGlobalSection
	GlobalSection(SolutionProperties) = preSolution
		HideSolutionNode = FALSE
	EndGlobalSection
	GlobalSection(ExtensibilityGlobals) = postSolution
		SolutionGuid = {9FBEDEE8-DB44-4B71-B9FC-075C5BA24BD1}
	EndGlobalSection
EndGlobal
